
Microsoft Visual Studio Solution File, Format Version 12.00
# Visual Studio 14
VisualStudioVersion = 14.0.25420.1
MinimumVisualStudioVersion = 10.0.40219.1
Project("{FAE04EC0-301F-11D3-BF4B-00C04F79EFBC}") = "Connect.Conference.Mobile.Droid", "Connect.Conference.Mobile.Droid\Connect.Conference.Mobile.Droid.csproj", "{B59F2A52-7D34-4F15-A417-995E0875E5E3}"
EndProject
Project("{FAE04EC0-301F-11D3-BF4B-00C04F79EFBC}") = "Connect.Conference.Mobile.iOS", "Connect.Conference.Mobile.iOS\Connect.Conference.Mobile.iOS.csproj", "{582BA375-9CEA-4884-9710-B29E3C260958}"
EndProject
Project("{FAE04EC0-301F-11D3-BF4B-00C04F79EFBC}") = "Connect.Conference.Mobile.WinPhone", "Connect.Conference.Mobile.WinPhone\Connect.Conference.Mobile.WinPhone.csproj", "{D09F32A2-8AD6-472F-848A-882ED3428AE1}"
EndProject
Project("{FAE04EC0-301F-11D3-BF4B-00C04F79EFBC}") = "Connect.Conference.Mobile.UWP", "Connect.Conference.Mobile.UWP\Connect.Conference.Mobile.UWP.csproj", "{4410E9F6-7F35-43FD-9377-2D4699E70EF2}"
EndProject
Project("{FAE04EC0-301F-11D3-BF4B-00C04F79EFBC}") = "Connect.Conference.Mobile.Windows", "Connect.Conference.Mobile.Windows\Connect.Conference.Mobile.Windows.csproj", "{CFEDDA23-B8CB-463F-A8C7-BFF68A5C54CE}"
EndProject
Project("{FAE04EC0-301F-11D3-BF4B-00C04F79EFBC}") = "Connect.Conference.Mobile", "Connect.Conference.Mobile\Connect.Conference.Mobile.csproj", "{254C06FB-8A25-46E5-A693-E5FCD629C4B1}"
EndProject
Global
	GlobalSection(SolutionConfigurationPlatforms) = preSolution
		Ad-Hoc|Any CPU = Ad-Hoc|Any CPU
		Ad-Hoc|ARM = Ad-Hoc|ARM
		Ad-Hoc|iPhone = Ad-Hoc|iPhone
		Ad-Hoc|iPhoneSimulator = Ad-Hoc|iPhoneSimulator
		Ad-Hoc|x64 = Ad-Hoc|x64
		Ad-Hoc|x86 = Ad-Hoc|x86
		AppStore|Any CPU = AppStore|Any CPU
		AppStore|ARM = AppStore|ARM
		AppStore|iPhone = AppStore|iPhone
		AppStore|iPhoneSimulator = AppStore|iPhoneSimulator
		AppStore|x64 = AppStore|x64
		AppStore|x86 = AppStore|x86
		Debug|Any CPU = Debug|Any CPU
		Debug|ARM = Debug|ARM
		Debug|iPhone = Debug|iPhone
		Debug|iPhoneSimulator = Debug|iPhoneSimulator
		Debug|x64 = Debug|x64
		Debug|x86 = Debug|x86
		Release|Any CPU = Release|Any CPU
		Release|ARM = Release|ARM
		Release|iPhone = Release|iPhone
		Release|iPhoneSimulator = Release|iPhoneSimulator
		Release|x64 = Release|x64
		Release|x86 = Release|x86
	EndGlobalSection
	GlobalSection(ProjectConfigurationPlatforms) = postSolution
		{B59F2A52-7D34-4F15-A417-995E0875E5E3}.Ad-Hoc|Any CPU.ActiveCfg = Release|Any CPU
		{B59F2A52-7D34-4F15-A417-995E0875E5E3}.Ad-Hoc|Any CPU.Build.0 = Release|Any CPU
		{B59F2A52-7D34-4F15-A417-995E0875E5E3}.Ad-Hoc|Any CPU.Deploy.0 = Release|Any CPU
		{B59F2A52-7D34-4F15-A417-995E0875E5E3}.Ad-Hoc|ARM.ActiveCfg = Release|Any CPU
		{B59F2A52-7D34-4F15-A417-995E0875E5E3}.Ad-Hoc|ARM.Build.0 = Release|Any CPU
		{B59F2A52-7D34-4F15-A417-995E0875E5E3}.Ad-Hoc|ARM.Deploy.0 = Release|Any CPU
		{B59F2A52-7D34-4F15-A417-995E0875E5E3}.Ad-Hoc|iPhone.ActiveCfg = Release|Any CPU
		{B59F2A52-7D34-4F15-A417-995E0875E5E3}.Ad-Hoc|iPhone.Build.0 = Release|Any CPU
		{B59F2A52-7D34-4F15-A417-995E0875E5E3}.Ad-Hoc|iPhone.Deploy.0 = Release|Any CPU
		{B59F2A52-7D34-4F15-A417-995E0875E5E3}.Ad-Hoc|iPhoneSimulator.ActiveCfg = Release|Any CPU
		{B59F2A52-7D34-4F15-A417-995E0875E5E3}.Ad-Hoc|iPhoneSimulator.Build.0 = Release|Any CPU
		{B59F2A52-7D34-4F15-A417-995E0875E5E3}.Ad-Hoc|iPhoneSimulator.Deploy.0 = Release|Any CPU
		{B59F2A52-7D34-4F15-A417-995E0875E5E3}.Ad-Hoc|x64.ActiveCfg = Release|Any CPU
		{B59F2A52-7D34-4F15-A417-995E0875E5E3}.Ad-Hoc|x64.Build.0 = Release|Any CPU
		{B59F2A52-7D34-4F15-A417-995E0875E5E3}.Ad-Hoc|x64.Deploy.0 = Release|Any CPU
		{B59F2A52-7D34-4F15-A417-995E0875E5E3}.Ad-Hoc|x86.ActiveCfg = Release|Any CPU
		{B59F2A52-7D34-4F15-A417-995E0875E5E3}.Ad-Hoc|x86.Build.0 = Release|Any CPU
		{B59F2A52-7D34-4F15-A417-995E0875E5E3}.Ad-Hoc|x86.Deploy.0 = Release|Any CPU
		{B59F2A52-7D34-4F15-A417-995E0875E5E3}.AppStore|Any CPU.ActiveCfg = Release|Any CPU
		{B59F2A52-7D34-4F15-A417-995E0875E5E3}.AppStore|Any CPU.Build.0 = Release|Any CPU
		{B59F2A52-7D34-4F15-A417-995E0875E5E3}.AppStore|Any CPU.Deploy.0 = Release|Any CPU
		{B59F2A52-7D34-4F15-A417-995E0875E5E3}.AppStore|ARM.ActiveCfg = Release|Any CPU
		{B59F2A52-7D34-4F15-A417-995E0875E5E3}.AppStore|ARM.Build.0 = Release|Any CPU
		{B59F2A52-7D34-4F15-A417-995E0875E5E3}.AppStore|ARM.Deploy.0 = Release|Any CPU
		{B59F2A52-7D34-4F15-A417-995E0875E5E3}.AppStore|iPhone.ActiveCfg = Release|Any CPU
		{B59F2A52-7D34-4F15-A417-995E0875E5E3}.AppStore|iPhone.Build.0 = Release|Any CPU
		{B59F2A52-7D34-4F15-A417-995E0875E5E3}.AppStore|iPhone.Deploy.0 = Release|Any CPU
		{B59F2A52-7D34-4F15-A417-995E0875E5E3}.AppStore|iPhoneSimulator.ActiveCfg = Release|Any CPU
		{B59F2A52-7D34-4F15-A417-995E0875E5E3}.AppStore|iPhoneSimulator.Build.0 = Release|Any CPU
		{B59F2A52-7D34-4F15-A417-995E0875E5E3}.AppStore|iPhoneSimulator.Deploy.0 = Release|Any CPU
		{B59F2A52-7D34-4F15-A417-995E0875E5E3}.AppStore|x64.ActiveCfg = Release|Any CPU
		{B59F2A52-7D34-4F15-A417-995E0875E5E3}.AppStore|x64.Build.0 = Release|Any CPU
		{B59F2A52-7D34-4F15-A417-995E0875E5E3}.AppStore|x64.Deploy.0 = Release|Any CPU
		{B59F2A52-7D34-4F15-A417-995E0875E5E3}.AppStore|x86.ActiveCfg = Release|Any CPU
		{B59F2A52-7D34-4F15-A417-995E0875E5E3}.AppStore|x86.Build.0 = Release|Any CPU
		{B59F2A52-7D34-4F15-A417-995E0875E5E3}.AppStore|x86.Deploy.0 = Release|Any CPU
		{B59F2A52-7D34-4F15-A417-995E0875E5E3}.Debug|Any CPU.ActiveCfg = Debug|Any CPU
		{B59F2A52-7D34-4F15-A417-995E0875E5E3}.Debug|Any CPU.Build.0 = Debug|Any CPU
		{B59F2A52-7D34-4F15-A417-995E0875E5E3}.Debug|Any CPU.Deploy.0 = Debug|Any CPU
		{B59F2A52-7D34-4F15-A417-995E0875E5E3}.Debug|ARM.ActiveCfg = Debug|Any CPU
		{B59F2A52-7D34-4F15-A417-995E0875E5E3}.Debug|ARM.Build.0 = Debug|Any CPU
		{B59F2A52-7D34-4F15-A417-995E0875E5E3}.Debug|ARM.Deploy.0 = Debug|Any CPU
		{B59F2A52-7D34-4F15-A417-995E0875E5E3}.Debug|iPhone.ActiveCfg = Debug|Any CPU
		{B59F2A52-7D34-4F15-A417-995E0875E5E3}.Debug|iPhone.Build.0 = Debug|Any CPU
		{B59F2A52-7D34-4F15-A417-995E0875E5E3}.Debug|iPhone.Deploy.0 = Debug|Any CPU
		{B59F2A52-7D34-4F15-A417-995E0875E5E3}.Debug|iPhoneSimulator.ActiveCfg = Debug|Any CPU
		{B59F2A52-7D34-4F15-A417-995E0875E5E3}.Debug|iPhoneSimulator.Build.0 = Debug|Any CPU
		{B59F2A52-7D34-4F15-A417-995E0875E5E3}.Debug|iPhoneSimulator.Deploy.0 = Debug|Any CPU
		{B59F2A52-7D34-4F15-A417-995E0875E5E3}.Debug|x64.ActiveCfg = Debug|Any CPU
		{B59F2A52-7D34-4F15-A417-995E0875E5E3}.Debug|x64.Build.0 = Debug|Any CPU
		{B59F2A52-7D34-4F15-A417-995E0875E5E3}.Debug|x64.Deploy.0 = Debug|Any CPU
		{B59F2A52-7D34-4F15-A417-995E0875E5E3}.Debug|x86.ActiveCfg = Debug|Any CPU
		{B59F2A52-7D34-4F15-A417-995E0875E5E3}.Debug|x86.Build.0 = Debug|Any CPU
		{B59F2A52-7D34-4F15-A417-995E0875E5E3}.Debug|x86.Deploy.0 = Debug|Any CPU
		{B59F2A52-7D34-4F15-A417-995E0875E5E3}.Release|Any CPU.ActiveCfg = Release|Any CPU
		{B59F2A52-7D34-4F15-A417-995E0875E5E3}.Release|Any CPU.Build.0 = Release|Any CPU
		{B59F2A52-7D34-4F15-A417-995E0875E5E3}.Release|Any CPU.Deploy.0 = Release|Any CPU
		{B59F2A52-7D34-4F15-A417-995E0875E5E3}.Release|ARM.ActiveCfg = Release|Any CPU
		{B59F2A52-7D34-4F15-A417-995E0875E5E3}.Release|ARM.Build.0 = Release|Any CPU
		{B59F2A52-7D34-4F15-A417-995E0875E5E3}.Release|ARM.Deploy.0 = Release|Any CPU
		{B59F2A52-7D34-4F15-A417-995E0875E5E3}.Release|iPhone.ActiveCfg = Release|Any CPU
		{B59F2A52-7D34-4F15-A417-995E0875E5E3}.Release|iPhone.Build.0 = Release|Any CPU
		{B59F2A52-7D34-4F15-A417-995E0875E5E3}.Release|iPhone.Deploy.0 = Release|Any CPU
		{B59F2A52-7D34-4F15-A417-995E0875E5E3}.Release|iPhoneSimulator.ActiveCfg = Release|Any CPU
		{B59F2A52-7D34-4F15-A417-995E0875E5E3}.Release|iPhoneSimulator.Build.0 = Release|Any CPU
		{B59F2A52-7D34-4F15-A417-995E0875E5E3}.Release|iPhoneSimulator.Deploy.0 = Release|Any CPU
		{B59F2A52-7D34-4F15-A417-995E0875E5E3}.Release|x64.ActiveCfg = Release|Any CPU
		{B59F2A52-7D34-4F15-A417-995E0875E5E3}.Release|x64.Build.0 = Release|Any CPU
		{B59F2A52-7D34-4F15-A417-995E0875E5E3}.Release|x64.Deploy.0 = Release|Any CPU
		{B59F2A52-7D34-4F15-A417-995E0875E5E3}.Release|x86.ActiveCfg = Release|Any CPU
		{B59F2A52-7D34-4F15-A417-995E0875E5E3}.Release|x86.Build.0 = Release|Any CPU
		{B59F2A52-7D34-4F15-A417-995E0875E5E3}.Release|x86.Deploy.0 = Release|Any CPU
		{582BA375-9CEA-4884-9710-B29E3C260958}.Ad-Hoc|Any CPU.ActiveCfg = Ad-Hoc|iPhone
		{582BA375-9CEA-4884-9710-B29E3C260958}.Ad-Hoc|ARM.ActiveCfg = Ad-Hoc|iPhone
		{582BA375-9CEA-4884-9710-B29E3C260958}.Ad-Hoc|iPhone.ActiveCfg = Ad-Hoc|iPhone
		{582BA375-9CEA-4884-9710-B29E3C260958}.Ad-Hoc|iPhone.Build.0 = Ad-Hoc|iPhone
		{582BA375-9CEA-4884-9710-B29E3C260958}.Ad-Hoc|iPhoneSimulator.ActiveCfg = Ad-Hoc|iPhoneSimulator
		{582BA375-9CEA-4884-9710-B29E3C260958}.Ad-Hoc|iPhoneSimulator.Build.0 = Ad-Hoc|iPhoneSimulator
		{582BA375-9CEA-4884-9710-B29E3C260958}.Ad-Hoc|x64.ActiveCfg = Ad-Hoc|iPhone
		{582BA375-9CEA-4884-9710-B29E3C260958}.Ad-Hoc|x86.ActiveCfg = Ad-Hoc|iPhone
		{582BA375-9CEA-4884-9710-B29E3C260958}.AppStore|Any CPU.ActiveCfg = AppStore|iPhone
		{582BA375-9CEA-4884-9710-B29E3C260958}.AppStore|ARM.ActiveCfg = AppStore|iPhone
		{582BA375-9CEA-4884-9710-B29E3C260958}.AppStore|iPhone.ActiveCfg = AppStore|iPhone
		{582BA375-9CEA-4884-9710-B29E3C260958}.AppStore|iPhone.Build.0 = AppStore|iPhone
		{582BA375-9CEA-4884-9710-B29E3C260958}.AppStore|iPhoneSimulator.ActiveCfg = AppStore|iPhoneSimulator
		{582BA375-9CEA-4884-9710-B29E3C260958}.AppStore|iPhoneSimulator.Build.0 = AppStore|iPhoneSimulator
		{582BA375-9CEA-4884-9710-B29E3C260958}.AppStore|x64.ActiveCfg = AppStore|iPhone
		{582BA375-9CEA-4884-9710-B29E3C260958}.AppStore|x86.ActiveCfg = AppStore|iPhone
		{582BA375-9CEA-4884-9710-B29E3C260958}.Debug|Any CPU.ActiveCfg = Debug|iPhone
		{582BA375-9CEA-4884-9710-B29E3C260958}.Debug|ARM.ActiveCfg = Debug|iPhone
		{582BA375-9CEA-4884-9710-B29E3C260958}.Debug|iPhone.ActiveCfg = Debug|iPhone
		{582BA375-9CEA-4884-9710-B29E3C260958}.Debug|iPhone.Build.0 = Debug|iPhone
		{582BA375-9CEA-4884-9710-B29E3C260958}.Debug|iPhoneSimulator.ActiveCfg = Debug|iPhoneSimulator
		{582BA375-9CEA-4884-9710-B29E3C260958}.Debug|iPhoneSimulator.Build.0 = Debug|iPhoneSimulator
		{582BA375-9CEA-4884-9710-B29E3C260958}.Debug|x64.ActiveCfg = Debug|iPhone
		{582BA375-9CEA-4884-9710-B29E3C260958}.Debug|x86.ActiveCfg = Debug|iPhone
		{582BA375-9CEA-4884-9710-B29E3C260958}.Release|Any CPU.ActiveCfg = Release|iPhone
		{582BA375-9CEA-4884-9710-B29E3C260958}.Release|ARM.ActiveCfg = Release|iPhone
		{582BA375-9CEA-4884-9710-B29E3C260958}.Release|iPhone.ActiveCfg = Release|iPhone
		{582BA375-9CEA-4884-9710-B29E3C260958}.Release|iPhone.Build.0 = Release|iPhone
		{582BA375-9CEA-4884-9710-B29E3C260958}.Release|iPhoneSimulator.ActiveCfg = Release|iPhoneSimulator
		{582BA375-9CEA-4884-9710-B29E3C260958}.Release|iPhoneSimulator.Build.0 = Release|iPhoneSimulator
		{582BA375-9CEA-4884-9710-B29E3C260958}.Release|x64.ActiveCfg = Release|iPhone
		{582BA375-9CEA-4884-9710-B29E3C260958}.Release|x86.ActiveCfg = Release|iPhone
		{D09F32A2-8AD6-472F-848A-882ED3428AE1}.Ad-Hoc|Any CPU.ActiveCfg = Release|Any CPU
		{D09F32A2-8AD6-472F-848A-882ED3428AE1}.Ad-Hoc|Any CPU.Build.0 = Release|Any CPU
		{D09F32A2-8AD6-472F-848A-882ED3428AE1}.Ad-Hoc|Any CPU.Deploy.0 = Release|Any CPU
		{D09F32A2-8AD6-472F-848A-882ED3428AE1}.Ad-Hoc|ARM.ActiveCfg = Release|ARM
		{D09F32A2-8AD6-472F-848A-882ED3428AE1}.Ad-Hoc|ARM.Build.0 = Release|ARM
		{D09F32A2-8AD6-472F-848A-882ED3428AE1}.Ad-Hoc|ARM.Deploy.0 = Release|ARM
		{D09F32A2-8AD6-472F-848A-882ED3428AE1}.Ad-Hoc|iPhone.ActiveCfg = Release|Any CPU
		{D09F32A2-8AD6-472F-848A-882ED3428AE1}.Ad-Hoc|iPhone.Build.0 = Release|Any CPU
		{D09F32A2-8AD6-472F-848A-882ED3428AE1}.Ad-Hoc|iPhone.Deploy.0 = Release|Any CPU
		{D09F32A2-8AD6-472F-848A-882ED3428AE1}.Ad-Hoc|iPhoneSimulator.ActiveCfg = Release|Any CPU
		{D09F32A2-8AD6-472F-848A-882ED3428AE1}.Ad-Hoc|iPhoneSimulator.Build.0 = Release|Any CPU
		{D09F32A2-8AD6-472F-848A-882ED3428AE1}.Ad-Hoc|iPhoneSimulator.Deploy.0 = Release|Any CPU
		{D09F32A2-8AD6-472F-848A-882ED3428AE1}.Ad-Hoc|x64.ActiveCfg = Release|Any CPU
		{D09F32A2-8AD6-472F-848A-882ED3428AE1}.Ad-Hoc|x64.Build.0 = Release|Any CPU
		{D09F32A2-8AD6-472F-848A-882ED3428AE1}.Ad-Hoc|x64.Deploy.0 = Release|Any CPU
		{D09F32A2-8AD6-472F-848A-882ED3428AE1}.Ad-Hoc|x86.ActiveCfg = Release|x86
		{D09F32A2-8AD6-472F-848A-882ED3428AE1}.Ad-Hoc|x86.Build.0 = Release|x86
		{D09F32A2-8AD6-472F-848A-882ED3428AE1}.Ad-Hoc|x86.Deploy.0 = Release|x86
		{D09F32A2-8AD6-472F-848A-882ED3428AE1}.AppStore|Any CPU.ActiveCfg = Release|Any CPU
		{D09F32A2-8AD6-472F-848A-882ED3428AE1}.AppStore|Any CPU.Build.0 = Release|Any CPU
		{D09F32A2-8AD6-472F-848A-882ED3428AE1}.AppStore|Any CPU.Deploy.0 = Release|Any CPU
		{D09F32A2-8AD6-472F-848A-882ED3428AE1}.AppStore|ARM.ActiveCfg = Release|ARM
		{D09F32A2-8AD6-472F-848A-882ED3428AE1}.AppStore|ARM.Build.0 = Release|ARM
		{D09F32A2-8AD6-472F-848A-882ED3428AE1}.AppStore|ARM.Deploy.0 = Release|ARM
		{D09F32A2-8AD6-472F-848A-882ED3428AE1}.AppStore|iPhone.ActiveCfg = Release|Any CPU
		{D09F32A2-8AD6-472F-848A-882ED3428AE1}.AppStore|iPhone.Build.0 = Release|Any CPU
		{D09F32A2-8AD6-472F-848A-882ED3428AE1}.AppStore|iPhone.Deploy.0 = Release|Any CPU
		{D09F32A2-8AD6-472F-848A-882ED3428AE1}.AppStore|iPhoneSimulator.ActiveCfg = Release|Any CPU
		{D09F32A2-8AD6-472F-848A-882ED3428AE1}.AppStore|iPhoneSimulator.Build.0 = Release|Any CPU
		{D09F32A2-8AD6-472F-848A-882ED3428AE1}.AppStore|iPhoneSimulator.Deploy.0 = Release|Any CPU
		{D09F32A2-8AD6-472F-848A-882ED3428AE1}.AppStore|x64.ActiveCfg = Release|Any CPU
		{D09F32A2-8AD6-472F-848A-882ED3428AE1}.AppStore|x64.Build.0 = Release|Any CPU
		{D09F32A2-8AD6-472F-848A-882ED3428AE1}.AppStore|x64.Deploy.0 = Release|Any CPU
		{D09F32A2-8AD6-472F-848A-882ED3428AE1}.AppStore|x86.ActiveCfg = Release|x86
		{D09F32A2-8AD6-472F-848A-882ED3428AE1}.AppStore|x86.Build.0 = Release|x86
		{D09F32A2-8AD6-472F-848A-882ED3428AE1}.AppStore|x86.Deploy.0 = Release|x86
		{D09F32A2-8AD6-472F-848A-882ED3428AE1}.Debug|Any CPU.ActiveCfg = Debug|Any CPU
		{D09F32A2-8AD6-472F-848A-882ED3428AE1}.Debug|Any CPU.Build.0 = Debug|Any CPU
		{D09F32A2-8AD6-472F-848A-882ED3428AE1}.Debug|Any CPU.Deploy.0 = Debug|Any CPU
		{D09F32A2-8AD6-472F-848A-882ED3428AE1}.Debug|ARM.ActiveCfg = Debug|ARM
		{D09F32A2-8AD6-472F-848A-882ED3428AE1}.Debug|ARM.Build.0 = Debug|ARM
		{D09F32A2-8AD6-472F-848A-882ED3428AE1}.Debug|ARM.Deploy.0 = Debug|ARM
		{D09F32A2-8AD6-472F-848A-882ED3428AE1}.Debug|iPhone.ActiveCfg = Debug|Any CPU
		{D09F32A2-8AD6-472F-848A-882ED3428AE1}.Debug|iPhone.Build.0 = Debug|Any CPU
		{D09F32A2-8AD6-472F-848A-882ED3428AE1}.Debug|iPhone.Deploy.0 = Debug|Any CPU
		{D09F32A2-8AD6-472F-848A-882ED3428AE1}.Debug|iPhoneSimulator.ActiveCfg = Debug|Any CPU
		{D09F32A2-8AD6-472F-848A-882ED3428AE1}.Debug|iPhoneSimulator.Build.0 = Debug|Any CPU
		{D09F32A2-8AD6-472F-848A-882ED3428AE1}.Debug|iPhoneSimulator.Deploy.0 = Debug|Any CPU
		{D09F32A2-8AD6-472F-848A-882ED3428AE1}.Debug|x64.ActiveCfg = Debug|Any CPU
		{D09F32A2-8AD6-472F-848A-882ED3428AE1}.Debug|x64.Build.0 = Debug|Any CPU
		{D09F32A2-8AD6-472F-848A-882ED3428AE1}.Debug|x64.Deploy.0 = Debug|Any CPU
		{D09F32A2-8AD6-472F-848A-882ED3428AE1}.Debug|x86.ActiveCfg = Debug|x86
		{D09F32A2-8AD6-472F-848A-882ED3428AE1}.Debug|x86.Build.0 = Debug|x86
		{D09F32A2-8AD6-472F-848A-882ED3428AE1}.Debug|x86.Deploy.0 = Debug|x86
		{D09F32A2-8AD6-472F-848A-882ED3428AE1}.Release|Any CPU.ActiveCfg = Release|Any CPU
		{D09F32A2-8AD6-472F-848A-882ED3428AE1}.Release|Any CPU.Build.0 = Release|Any CPU
		{D09F32A2-8AD6-472F-848A-882ED3428AE1}.Release|Any CPU.Deploy.0 = Release|Any CPU
		{D09F32A2-8AD6-472F-848A-882ED3428AE1}.Release|ARM.ActiveCfg = Release|ARM
		{D09F32A2-8AD6-472F-848A-882ED3428AE1}.Release|ARM.Build.0 = Release|ARM
		{D09F32A2-8AD6-472F-848A-882ED3428AE1}.Release|ARM.Deploy.0 = Release|ARM
		{D09F32A2-8AD6-472F-848A-882ED3428AE1}.Release|iPhone.ActiveCfg = Release|Any CPU
		{D09F32A2-8AD6-472F-848A-882ED3428AE1}.Release|iPhone.Build.0 = Release|Any CPU
		{D09F32A2-8AD6-472F-848A-882ED3428AE1}.Release|iPhone.Deploy.0 = Release|Any CPU
		{D09F32A2-8AD6-472F-848A-882ED3428AE1}.Release|iPhoneSimulator.ActiveCfg = Release|Any CPU
		{D09F32A2-8AD6-472F-848A-882ED3428AE1}.Release|iPhoneSimulator.Build.0 = Release|Any CPU
		{D09F32A2-8AD6-472F-848A-882ED3428AE1}.Release|iPhoneSimulator.Deploy.0 = Release|Any CPU
		{D09F32A2-8AD6-472F-848A-882ED3428AE1}.Release|x64.ActiveCfg = Release|Any CPU
		{D09F32A2-8AD6-472F-848A-882ED3428AE1}.Release|x64.Build.0 = Release|Any CPU
		{D09F32A2-8AD6-472F-848A-882ED3428AE1}.Release|x64.Deploy.0 = Release|Any CPU
		{D09F32A2-8AD6-472F-848A-882ED3428AE1}.Release|x86.ActiveCfg = Release|x86
		{D09F32A2-8AD6-472F-848A-882ED3428AE1}.Release|x86.Build.0 = Release|x86
		{D09F32A2-8AD6-472F-848A-882ED3428AE1}.Release|x86.Deploy.0 = Release|x86
		{4410E9F6-7F35-43FD-9377-2D4699E70EF2}.Ad-Hoc|Any CPU.ActiveCfg = Release|x86
		{4410E9F6-7F35-43FD-9377-2D4699E70EF2}.Ad-Hoc|Any CPU.Build.0 = Release|x86
		{4410E9F6-7F35-43FD-9377-2D4699E70EF2}.Ad-Hoc|Any CPU.Deploy.0 = Release|x86
		{4410E9F6-7F35-43FD-9377-2D4699E70EF2}.Ad-Hoc|ARM.ActiveCfg = Release|ARM
		{4410E9F6-7F35-43FD-9377-2D4699E70EF2}.Ad-Hoc|ARM.Build.0 = Release|ARM
		{4410E9F6-7F35-43FD-9377-2D4699E70EF2}.Ad-Hoc|ARM.Deploy.0 = Release|ARM
		{4410E9F6-7F35-43FD-9377-2D4699E70EF2}.Ad-Hoc|iPhone.ActiveCfg = Release|x86
		{4410E9F6-7F35-43FD-9377-2D4699E70EF2}.Ad-Hoc|iPhone.Build.0 = Release|x86
		{4410E9F6-7F35-43FD-9377-2D4699E70EF2}.Ad-Hoc|iPhone.Deploy.0 = Release|x86
		{4410E9F6-7F35-43FD-9377-2D4699E70EF2}.Ad-Hoc|iPhoneSimulator.ActiveCfg = Release|x86
		{4410E9F6-7F35-43FD-9377-2D4699E70EF2}.Ad-Hoc|iPhoneSimulator.Build.0 = Release|x86
		{4410E9F6-7F35-43FD-9377-2D4699E70EF2}.Ad-Hoc|iPhoneSimulator.Deploy.0 = Release|x86
		{4410E9F6-7F35-43FD-9377-2D4699E70EF2}.Ad-Hoc|x64.ActiveCfg = Release|x64
		{4410E9F6-7F35-43FD-9377-2D4699E70EF2}.Ad-Hoc|x64.Build.0 = Release|x64
		{4410E9F6-7F35-43FD-9377-2D4699E70EF2}.Ad-Hoc|x64.Deploy.0 = Release|x64
		{4410E9F6-7F35-43FD-9377-2D4699E70EF2}.Ad-Hoc|x86.ActiveCfg = Release|x86
		{4410E9F6-7F35-43FD-9377-2D4699E70EF2}.Ad-Hoc|x86.Build.0 = Release|x86
		{4410E9F6-7F35-43FD-9377-2D4699E70EF2}.Ad-Hoc|x86.Deploy.0 = Release|x86
		{4410E9F6-7F35-43FD-9377-2D4699E70EF2}.AppStore|Any CPU.ActiveCfg = Release|x86
		{4410E9F6-7F35-43FD-9377-2D4699E70EF2}.AppStore|Any CPU.Build.0 = Release|x86
		{4410E9F6-7F35-43FD-9377-2D4699E70EF2}.AppStore|Any CPU.Deploy.0 = Release|x86
		{4410E9F6-7F35-43FD-9377-2D4699E70EF2}.AppStore|ARM.ActiveCfg = Release|ARM
		{4410E9F6-7F35-43FD-9377-2D4699E70EF2}.AppStore|ARM.Build.0 = Release|ARM
		{4410E9F6-7F35-43FD-9377-2D4699E70EF2}.AppStore|ARM.Deploy.0 = Release|ARM
		{4410E9F6-7F35-43FD-9377-2D4699E70EF2}.AppStore|iPhone.ActiveCfg = Release|x86
		{4410E9F6-7F35-43FD-9377-2D4699E70EF2}.AppStore|iPhone.Build.0 = Release|x86
		{4410E9F6-7F35-43FD-9377-2D4699E70EF2}.AppStore|iPhone.Deploy.0 = Release|x86
		{4410E9F6-7F35-43FD-9377-2D4699E70EF2}.AppStore|iPhoneSimulator.ActiveCfg = Release|x86
		{4410E9F6-7F35-43FD-9377-2D4699E70EF2}.AppStore|iPhoneSimulator.Build.0 = Release|x86
		{4410E9F6-7F35-43FD-9377-2D4699E70EF2}.AppStore|iPhoneSimulator.Deploy.0 = Release|x86
		{4410E9F6-7F35-43FD-9377-2D4699E70EF2}.AppStore|x64.ActiveCfg = Release|x64
		{4410E9F6-7F35-43FD-9377-2D4699E70EF2}.AppStore|x64.Build.0 = Release|x64
		{4410E9F6-7F35-43FD-9377-2D4699E70EF2}.AppStore|x64.Deploy.0 = Release|x64
		{4410E9F6-7F35-43FD-9377-2D4699E70EF2}.AppStore|x86.ActiveCfg = Release|x86
		{4410E9F6-7F35-43FD-9377-2D4699E70EF2}.AppStore|x86.Build.0 = Release|x86
		{4410E9F6-7F35-43FD-9377-2D4699E70EF2}.AppStore|x86.Deploy.0 = Release|x86
		{4410E9F6-7F35-43FD-9377-2D4699E70EF2}.Debug|Any CPU.ActiveCfg = Debug|x86
		{4410E9F6-7F35-43FD-9377-2D4699E70EF2}.Debug|ARM.ActiveCfg = Debug|ARM
		{4410E9F6-7F35-43FD-9377-2D4699E70EF2}.Debug|ARM.Build.0 = Debug|ARM
		{4410E9F6-7F35-43FD-9377-2D4699E70EF2}.Debug|ARM.Deploy.0 = Debug|ARM
		{4410E9F6-7F35-43FD-9377-2D4699E70EF2}.Debug|iPhone.ActiveCfg = Debug|x86
		{4410E9F6-7F35-43FD-9377-2D4699E70EF2}.Debug|iPhoneSimulator.ActiveCfg = Debug|x86
		{4410E9F6-7F35-43FD-9377-2D4699E70EF2}.Debug|x64.ActiveCfg = Debug|x64
		{4410E9F6-7F35-43FD-9377-2D4699E70EF2}.Debug|x64.Build.0 = Debug|x64
		{4410E9F6-7F35-43FD-9377-2D4699E70EF2}.Debug|x64.Deploy.0 = Debug|x64
		{4410E9F6-7F35-43FD-9377-2D4699E70EF2}.Debug|x86.ActiveCfg = Debug|x86
		{4410E9F6-7F35-43FD-9377-2D4699E70EF2}.Debug|x86.Build.0 = Debug|x86
		{4410E9F6-7F35-43FD-9377-2D4699E70EF2}.Debug|x86.Deploy.0 = Debug|x86
		{4410E9F6-7F35-43FD-9377-2D4699E70EF2}.Release|Any CPU.ActiveCfg = Release|x86
		{4410E9F6-7F35-43FD-9377-2D4699E70EF2}.Release|ARM.ActiveCfg = Release|ARM
		{4410E9F6-7F35-43FD-9377-2D4699E70EF2}.Release|ARM.Build.0 = Release|ARM
		{4410E9F6-7F35-43FD-9377-2D4699E70EF2}.Release|ARM.Deploy.0 = Release|ARM
		{4410E9F6-7F35-43FD-9377-2D4699E70EF2}.Release|iPhone.ActiveCfg = Release|x86
		{4410E9F6-7F35-43FD-9377-2D4699E70EF2}.Release|iPhoneSimulator.ActiveCfg = Release|x86
		{4410E9F6-7F35-43FD-9377-2D4699E70EF2}.Release|x64.ActiveCfg = Release|x64
		{4410E9F6-7F35-43FD-9377-2D4699E70EF2}.Release|x64.Build.0 = Release|x64
		{4410E9F6-7F35-43FD-9377-2D4699E70EF2}.Release|x64.Deploy.0 = Release|x64
		{4410E9F6-7F35-43FD-9377-2D4699E70EF2}.Release|x86.ActiveCfg = Release|x86
		{4410E9F6-7F35-43FD-9377-2D4699E70EF2}.Release|x86.Build.0 = Release|x86
		{4410E9F6-7F35-43FD-9377-2D4699E70EF2}.Release|x86.Deploy.0 = Release|x86
		{CFEDDA23-B8CB-463F-A8C7-BFF68A5C54CE}.Ad-Hoc|Any CPU.ActiveCfg = Release|Any CPU
		{CFEDDA23-B8CB-463F-A8C7-BFF68A5C54CE}.Ad-Hoc|Any CPU.Build.0 = Release|Any CPU
		{CFEDDA23-B8CB-463F-A8C7-BFF68A5C54CE}.Ad-Hoc|Any CPU.Deploy.0 = Release|Any CPU
		{CFEDDA23-B8CB-463F-A8C7-BFF68A5C54CE}.Ad-Hoc|ARM.ActiveCfg = Release|ARM
		{CFEDDA23-B8CB-463F-A8C7-BFF68A5C54CE}.Ad-Hoc|ARM.Build.0 = Release|ARM
		{CFEDDA23-B8CB-463F-A8C7-BFF68A5C54CE}.Ad-Hoc|ARM.Deploy.0 = Release|ARM
		{CFEDDA23-B8CB-463F-A8C7-BFF68A5C54CE}.Ad-Hoc|iPhone.ActiveCfg = Release|Any CPU
		{CFEDDA23-B8CB-463F-A8C7-BFF68A5C54CE}.Ad-Hoc|iPhone.Build.0 = Release|Any CPU
		{CFEDDA23-B8CB-463F-A8C7-BFF68A5C54CE}.Ad-Hoc|iPhone.Deploy.0 = Release|Any CPU
		{CFEDDA23-B8CB-463F-A8C7-BFF68A5C54CE}.Ad-Hoc|iPhoneSimulator.ActiveCfg = Release|Any CPU
		{CFEDDA23-B8CB-463F-A8C7-BFF68A5C54CE}.Ad-Hoc|iPhoneSimulator.Build.0 = Release|Any CPU
		{CFEDDA23-B8CB-463F-A8C7-BFF68A5C54CE}.Ad-Hoc|iPhoneSimulator.Deploy.0 = Release|Any CPU
		{CFEDDA23-B8CB-463F-A8C7-BFF68A5C54CE}.Ad-Hoc|x64.ActiveCfg = Release|x64
		{CFEDDA23-B8CB-463F-A8C7-BFF68A5C54CE}.Ad-Hoc|x64.Build.0 = Release|x64
		{CFEDDA23-B8CB-463F-A8C7-BFF68A5C54CE}.Ad-Hoc|x64.Deploy.0 = Release|x64
		{CFEDDA23-B8CB-463F-A8C7-BFF68A5C54CE}.Ad-Hoc|x86.ActiveCfg = Release|x86
		{CFEDDA23-B8CB-463F-A8C7-BFF68A5C54CE}.Ad-Hoc|x86.Build.0 = Release|x86
		{CFEDDA23-B8CB-463F-A8C7-BFF68A5C54CE}.Ad-Hoc|x86.Deploy.0 = Release|x86
		{CFEDDA23-B8CB-463F-A8C7-BFF68A5C54CE}.AppStore|Any CPU.ActiveCfg = Release|Any CPU
		{CFEDDA23-B8CB-463F-A8C7-BFF68A5C54CE}.AppStore|Any CPU.Build.0 = Release|Any CPU
		{CFEDDA23-B8CB-463F-A8C7-BFF68A5C54CE}.AppStore|Any CPU.Deploy.0 = Release|Any CPU
		{CFEDDA23-B8CB-463F-A8C7-BFF68A5C54CE}.AppStore|ARM.ActiveCfg = Release|ARM
		{CFEDDA23-B8CB-463F-A8C7-BFF68A5C54CE}.AppStore|ARM.Build.0 = Release|ARM
		{CFEDDA23-B8CB-463F-A8C7-BFF68A5C54CE}.AppStore|ARM.Deploy.0 = Release|ARM
		{CFEDDA23-B8CB-463F-A8C7-BFF68A5C54CE}.AppStore|iPhone.ActiveCfg = Release|Any CPU
		{CFEDDA23-B8CB-463F-A8C7-BFF68A5C54CE}.AppStore|iPhone.Build.0 = Release|Any CPU
		{CFEDDA23-B8CB-463F-A8C7-BFF68A5C54CE}.AppStore|iPhone.Deploy.0 = Release|Any CPU
		{CFEDDA23-B8CB-463F-A8C7-BFF68A5C54CE}.AppStore|iPhoneSimulator.ActiveCfg = Release|Any CPU
		{CFEDDA23-B8CB-463F-A8C7-BFF68A5C54CE}.AppStore|iPhoneSimulator.Build.0 = Release|Any CPU
		{CFEDDA23-B8CB-463F-A8C7-BFF68A5C54CE}.AppStore|iPhoneSimulator.Deploy.0 = Release|Any CPU
		{CFEDDA23-B8CB-463F-A8C7-BFF68A5C54CE}.AppStore|x64.ActiveCfg = Release|x64
		{CFEDDA23-B8CB-463F-A8C7-BFF68A5C54CE}.AppStore|x64.Build.0 = Release|x64
		{CFEDDA23-B8CB-463F-A8C7-BFF68A5C54CE}.AppStore|x64.Deploy.0 = Release|x64
		{CFEDDA23-B8CB-463F-A8C7-BFF68A5C54CE}.AppStore|x86.ActiveCfg = Release|x86
		{CFEDDA23-B8CB-463F-A8C7-BFF68A5C54CE}.AppStore|x86.Build.0 = Release|x86
		{CFEDDA23-B8CB-463F-A8C7-BFF68A5C54CE}.AppStore|x86.Deploy.0 = Release|x86
		{CFEDDA23-B8CB-463F-A8C7-BFF68A5C54CE}.Debug|Any CPU.ActiveCfg = Debug|Any CPU
		{CFEDDA23-B8CB-463F-A8C7-BFF68A5C54CE}.Debug|Any CPU.Build.0 = Debug|Any CPU
		{CFEDDA23-B8CB-463F-A8C7-BFF68A5C54CE}.Debug|Any CPU.Deploy.0 = Debug|Any CPU
		{CFEDDA23-B8CB-463F-A8C7-BFF68A5C54CE}.Debug|ARM.ActiveCfg = Debug|ARM
		{CFEDDA23-B8CB-463F-A8C7-BFF68A5C54CE}.Debug|ARM.Build.0 = Debug|ARM
		{CFEDDA23-B8CB-463F-A8C7-BFF68A5C54CE}.Debug|ARM.Deploy.0 = Debug|ARM
		{CFEDDA23-B8CB-463F-A8C7-BFF68A5C54CE}.Debug|iPhone.ActiveCfg = Debug|Any CPU
		{CFEDDA23-B8CB-463F-A8C7-BFF68A5C54CE}.Debug|iPhone.Build.0 = Debug|Any CPU
		{CFEDDA23-B8CB-463F-A8C7-BFF68A5C54CE}.Debug|iPhone.Deploy.0 = Debug|Any CPU
		{CFEDDA23-B8CB-463F-A8C7-BFF68A5C54CE}.Debug|iPhoneSimulator.ActiveCfg = Debug|Any CPU
		{CFEDDA23-B8CB-463F-A8C7-BFF68A5C54CE}.Debug|iPhoneSimulator.Build.0 = Debug|Any CPU
		{CFEDDA23-B8CB-463F-A8C7-BFF68A5C54CE}.Debug|iPhoneSimulator.Deploy.0 = Debug|Any CPU
		{CFEDDA23-B8CB-463F-A8C7-BFF68A5C54CE}.Debug|x64.ActiveCfg = Debug|x64
		{CFEDDA23-B8CB-463F-A8C7-BFF68A5C54CE}.Debug|x64.Build.0 = Debug|x64
		{CFEDDA23-B8CB-463F-A8C7-BFF68A5C54CE}.Debug|x64.Deploy.0 = Debug|x64
		{CFEDDA23-B8CB-463F-A8C7-BFF68A5C54CE}.Debug|x86.ActiveCfg = Debug|x86
		{CFEDDA23-B8CB-463F-A8C7-BFF68A5C54CE}.Debug|x86.Build.0 = Debug|x86
		{CFEDDA23-B8CB-463F-A8C7-BFF68A5C54CE}.Debug|x86.Deploy.0 = Debug|x86
		{CFEDDA23-B8CB-463F-A8C7-BFF68A5C54CE}.Release|Any CPU.ActiveCfg = Release|Any CPU
		{CFEDDA23-B8CB-463F-A8C7-BFF68A5C54CE}.Release|Any CPU.Build.0 = Release|Any CPU
		{CFEDDA23-B8CB-463F-A8C7-BFF68A5C54CE}.Release|Any CPU.Deploy.0 = Release|Any CPU
		{CFEDDA23-B8CB-463F-A8C7-BFF68A5C54CE}.Release|ARM.ActiveCfg = Release|ARM
		{CFEDDA23-B8CB-463F-A8C7-BFF68A5C54CE}.Release|ARM.Build.0 = Release|ARM
		{CFEDDA23-B8CB-463F-A8C7-BFF68A5C54CE}.Release|ARM.Deploy.0 = Release|ARM
		{CFEDDA23-B8CB-463F-A8C7-BFF68A5C54CE}.Release|iPhone.ActiveCfg = Release|Any CPU
		{CFEDDA23-B8CB-463F-A8C7-BFF68A5C54CE}.Release|iPhone.Build.0 = Release|Any CPU
		{CFEDDA23-B8CB-463F-A8C7-BFF68A5C54CE}.Release|iPhone.Deploy.0 = Release|Any CPU
		{CFEDDA23-B8CB-463F-A8C7-BFF68A5C54CE}.Release|iPhoneSimulator.ActiveCfg = Release|Any CPU
		{CFEDDA23-B8CB-463F-A8C7-BFF68A5C54CE}.Release|iPhoneSimulator.Build.0 = Release|Any CPU
		{CFEDDA23-B8CB-463F-A8C7-BFF68A5C54CE}.Release|iPhoneSimulator.Deploy.0 = Release|Any CPU
		{CFEDDA23-B8CB-463F-A8C7-BFF68A5C54CE}.Release|x64.ActiveCfg = Release|x64
		{CFEDDA23-B8CB-463F-A8C7-BFF68A5C54CE}.Release|x64.Build.0 = Release|x64
		{CFEDDA23-B8CB-463F-A8C7-BFF68A5C54CE}.Release|x64.Deploy.0 = Release|x64
		{CFEDDA23-B8CB-463F-A8C7-BFF68A5C54CE}.Release|x86.ActiveCfg = Release|x86
		{CFEDDA23-B8CB-463F-A8C7-BFF68A5C54CE}.Release|x86.Build.0 = Release|x86
		{CFEDDA23-B8CB-463F-A8C7-BFF68A5C54CE}.Release|x86.Deploy.0 = Release|x86
		{254C06FB-8A25-46E5-A693-E5FCD629C4B1}.Ad-Hoc|Any CPU.ActiveCfg = Release|Any CPU
		{254C06FB-8A25-46E5-A693-E5FCD629C4B1}.Ad-Hoc|Any CPU.Build.0 = Release|Any CPU
		{254C06FB-8A25-46E5-A693-E5FCD629C4B1}.Ad-Hoc|ARM.ActiveCfg = Release|Any CPU
		{254C06FB-8A25-46E5-A693-E5FCD629C4B1}.Ad-Hoc|ARM.Build.0 = Release|Any CPU
		{254C06FB-8A25-46E5-A693-E5FCD629C4B1}.Ad-Hoc|iPhone.ActiveCfg = Release|Any CPU
		{254C06FB-8A25-46E5-A693-E5FCD629C4B1}.Ad-Hoc|iPhone.Build.0 = Release|Any CPU
		{254C06FB-8A25-46E5-A693-E5FCD629C4B1}.Ad-Hoc|iPhoneSimulator.ActiveCfg = Release|Any CPU
		{254C06FB-8A25-46E5-A693-E5FCD629C4B1}.Ad-Hoc|iPhoneSimulator.Build.0 = Release|Any CPU
		{254C06FB-8A25-46E5-A693-E5FCD629C4B1}.Ad-Hoc|x64.ActiveCfg = Release|Any CPU
		{254C06FB-8A25-46E5-A693-E5FCD629C4B1}.Ad-Hoc|x64.Build.0 = Release|Any CPU
		{254C06FB-8A25-46E5-A693-E5FCD629C4B1}.Ad-Hoc|x86.ActiveCfg = Release|Any CPU
		{254C06FB-8A25-46E5-A693-E5FCD629C4B1}.Ad-Hoc|x86.Build.0 = Release|Any CPU
		{254C06FB-8A25-46E5-A693-E5FCD629C4B1}.AppStore|Any CPU.ActiveCfg = Release|Any CPU
		{254C06FB-8A25-46E5-A693-E5FCD629C4B1}.AppStore|Any CPU.Build.0 = Release|Any CPU
		{254C06FB-8A25-46E5-A693-E5FCD629C4B1}.AppStore|ARM.ActiveCfg = Release|Any CPU
		{254C06FB-8A25-46E5-A693-E5FCD629C4B1}.AppStore|ARM.Build.0 = Release|Any CPU
		{254C06FB-8A25-46E5-A693-E5FCD629C4B1}.AppStore|iPhone.ActiveCfg = Release|Any CPU
		{254C06FB-8A25-46E5-A693-E5FCD629C4B1}.AppStore|iPhone.Build.0 = Release|Any CPU
		{254C06FB-8A25-46E5-A693-E5FCD629C4B1}.AppStore|iPhoneSimulator.ActiveCfg = Release|Any CPU
		{254C06FB-8A25-46E5-A693-E5FCD629C4B1}.AppStore|iPhoneSimulator.Build.0 = Release|Any CPU
		{254C06FB-8A25-46E5-A693-E5FCD629C4B1}.AppStore|x64.ActiveCfg = Release|Any CPU
		{254C06FB-8A25-46E5-A693-E5FCD629C4B1}.AppStore|x64.Build.0 = Release|Any CPU
		{254C06FB-8A25-46E5-A693-E5FCD629C4B1}.AppStore|x86.ActiveCfg = Release|Any CPU
		{254C06FB-8A25-46E5-A693-E5FCD629C4B1}.AppStore|x86.Build.0 = Release|Any CPU
		{254C06FB-8A25-46E5-A693-E5FCD629C4B1}.Debug|Any CPU.ActiveCfg = Debug|Any CPU
		{254C06FB-8A25-46E5-A693-E5FCD629C4B1}.Debug|Any CPU.Build.0 = Debug|Any CPU
		{254C06FB-8A25-46E5-A693-E5FCD629C4B1}.Debug|ARM.ActiveCfg = Debug|Any CPU
		{254C06FB-8A25-46E5-A693-E5FCD629C4B1}.Debug|ARM.Build.0 = Debug|Any CPU
		{254C06FB-8A25-46E5-A693-E5FCD629C4B1}.Debug|iPhone.ActiveCfg = Debug|Any CPU
		{254C06FB-8A25-46E5-A693-E5FCD629C4B1}.Debug|iPhone.Build.0 = Debug|Any CPU
		{254C06FB-8A25-46E5-A693-E5FCD629C4B1}.Debug|iPhoneSimulator.ActiveCfg = Debug|Any CPU
		{254C06FB-8A25-46E5-A693-E5FCD629C4B1}.Debug|iPhoneSimulator.Build.0 = Debug|Any CPU
		{254C06FB-8A25-46E5-A693-E5FCD629C4B1}.Debug|x64.ActiveCfg = Debug|Any CPU
		{254C06FB-8A25-46E5-A693-E5FCD629C4B1}.Debug|x64.Build.0 = Debug|Any CPU
		{254C06FB-8A25-46E5-A693-E5FCD629C4B1}.Debug|x86.ActiveCfg = Debug|Any CPU
		{254C06FB-8A25-46E5-A693-E5FCD629C4B1}.Debug|x86.Build.0 = Debug|Any CPU
		{254C06FB-8A25-46E5-A693-E5FCD629C4B1}.Release|Any CPU.ActiveCfg = Release|Any CPU
		{254C06FB-8A25-46E5-A693-E5FCD629C4B1}.Release|Any CPU.Build.0 = Release|Any CPU
		{254C06FB-8A25-46E5-A693-E5FCD629C4B1}.Release|ARM.ActiveCfg = Release|Any CPU
		{254C06FB-8A25-46E5-A693-E5FCD629C4B1}.Release|ARM.Build.0 = Release|Any CPU
		{254C06FB-8A25-46E5-A693-E5FCD629C4B1}.Release|iPhone.ActiveCfg = Release|Any CPU
		{254C06FB-8A25-46E5-A693-E5FCD629C4B1}.Release|iPhone.Build.0 = Release|Any CPU
		{254C06FB-8A25-46E5-A693-E5FCD629C4B1}.Release|iPhoneSimulator.ActiveCfg = Release|Any CPU
		{254C06FB-8A25-46E5-A693-E5FCD629C4B1}.Release|iPhoneSimulator.Build.0 = Release|Any CPU
		{254C06FB-8A25-46E5-A693-E5FCD629C4B1}.Release|x64.ActiveCfg = Release|Any CPU
		{254C06FB-8A25-46E5-A693-E5FCD629C4B1}.Release|x64.Build.0 = Release|Any CPU
		{254C06FB-8A25-46E5-A693-E5FCD629C4B1}.Release|x86.ActiveCfg = Release|Any CPU
		{254C06FB-8A25-46E5-A693-E5FCD629C4B1}.Release|x86.Build.0 = Release|Any CPU
	EndGlobalSection
	GlobalSection(SolutionProperties) = preSolution
		HideSolutionNode = FALSE
	EndGlobalSection
EndGlobal
